
Microsoft Visual Studio Solution File, Format Version 12.00
# Visual Studio Version 16
VisualStudioVersion = 25.0.1705.6
MinimumVisualStudioVersion = 10.0.40219.1
Project("{FAE04EC0-301F-11D3-BF4B-00C04F79EFBC}") = "Order.API", "Order.API\Order.API.csproj", "{FC087294-BF5E-4FFC-82E2-5BD97D1A5CD2}"
EndProject
Project("{FAE04EC0-301F-11D3-BF4B-00C04F79EFBC}") = "SharedLibrary", "SharedLibrary\SharedLibrary.csproj", "{E4541FD0-9363-477C-BDBF-7E3EB7940434}"
EndProject
Project("{FAE04EC0-301F-11D3-BF4B-00C04F79EFBC}") = "Stock.API", "Stock.API\Stock.API.csproj", "{17672A4B-0FA3-4786-94AC-083DBCE6BC6C}"
EndProject
Project("{FAE04EC0-301F-11D3-BF4B-00C04F79EFBC}") = "Payment.API", "Payment.API\Payment.API.csproj", "{9526F08C-8FCA-451F-A738-189661CFD271}"
EndProject
Global
	GlobalSection(SolutionConfigurationPlatforms) = preSolution
		Debug|Any CPU = Debug|Any CPU
		Release|Any CPU = Release|Any CPU
	EndGlobalSection
	GlobalSection(ProjectConfigurationPlatforms) = postSolution
		{FC087294-BF5E-4FFC-82E2-5BD97D1A5CD2}.Debug|Any CPU.ActiveCfg = Debug|Any CPU
		{FC087294-BF5E-4FFC-82E2-5BD97D1A5CD2}.Debug|Any CPU.Build.0 = Debug|Any CPU
		{FC087294-BF5E-4FFC-82E2-5BD97D1A5CD2}.Release|Any CPU.ActiveCfg = Release|Any CPU
		{FC087294-BF5E-4FFC-82E2-5BD97D1A5CD2}.Release|Any CPU.Build.0 = Release|Any CPU
		{E4541FD0-9363-477C-BDBF-7E3EB7940434}.Debug|Any CPU.ActiveCfg = Debug|Any CPU
		{E4541FD0-9363-477C-BDBF-7E3EB7940434}.Debug|Any CPU.Build.0 = Debug|Any CPU
		{E4541FD0-9363-477C-BDBF-7E3EB7940434}.Release|Any CPU.ActiveCfg = Release|Any CPU
		{E4541FD0-9363-477C-BDBF-7E3EB7940434}.Release|Any CPU.Build.0 = Release|Any CPU
		{17672A4B-0FA3-4786-94AC-083DBCE6BC6C}.Debug|Any CPU.ActiveCfg = Debug|Any CPU
		{17672A4B-0FA3-4786-94AC-083DBCE6BC6C}.Debug|Any CPU.Build.0 = Debug|Any CPU
		{17672A4B-0FA3-4786-94AC-083DBCE6BC6C}.Release|Any CPU.ActiveCfg = Release|Any CPU
		{17672A4B-0FA3-4786-94AC-083DBCE6BC6C}.Release|Any CPU.Build.0 = Release|Any CPU
		{9526F08C-8FCA-451F-A738-189661CFD271}.Debug|Any CPU.ActiveCfg = Debug|Any CPU
		{9526F08C-8FCA-451F-A738-189661CFD271}.Debug|Any CPU.Build.0 = Debug|Any CPU
		{9526F08C-8FCA-451F-A738-189661CFD271}.Release|Any CPU.ActiveCfg = Release|Any CPU
		{9526F08C-8FCA-451F-A738-189661CFD271}.Release|Any CPU.Build.0 = Release|Any CPU
	EndGlobalSection
	GlobalSection(SolutionProperties) = preSolution
		HideSolutionNode = FALSE
	EndGlobalSection
	GlobalSection(ExtensibilityGlobals) = postSolution
		SolutionGuid = {D7C8668E-5332-4471-8D6A-D38B914F7E5E}
	EndGlobalSection
EndGlobal
